
Microsoft Visual Studio Solution File, Format Version 12.00
# Visual Studio Version 16
VisualStudioVersion = 16.0.31624.102
MinimumVisualStudioVersion = 10.0.40219.1
Project("{9A19103F-16F7-4668-BE54-9A1E7A4F7556}") = "KampIntro", "KampIntro\KampIntro.csproj", "{ADE0D3F8-CBFA-420E-88B8-FA908993FB31}"
EndProject
Project("{9A19103F-16F7-4668-BE54-9A1E7A4F7556}") = "Donguler", "Donguler\Donguler.csproj", "{D7699B60-7C5E-41E0-9A37-9F9A840E6838}"
EndProject
Project("{9A19103F-16F7-4668-BE54-9A1E7A4F7556}") = "ClassIntro", "ClassIntro\ClassIntro.csproj", "{F411DDB7-014C-43E2-8904-D9ACC2E2B5C5}"
EndProject
Project("{9A19103F-16F7-4668-BE54-9A1E7A4F7556}") = "O_SwichCase", "O_SwichCase\O_SwichCase.csproj", "{C3822286-F1A3-4ACA-86D8-D77775E4F2AD}"
EndProject
Project("{9A19103F-16F7-4668-BE54-9A1E7A4F7556}") = "O_WhileD", "O_WhileD\O_WhileD.csproj", "{C5C55AD7-E883-4473-9D54-B2987C711A99}"
EndProject
Project("{9A19103F-16F7-4668-BE54-9A1E7A4F7556}") = "GiysiClasses", "GiysiClasses\GiysiClasses.csproj", "{C6CEDFE8-BC6F-425A-96C6-D24302EBA35A}"
EndProject
Project("{9A19103F-16F7-4668-BE54-9A1E7A4F7556}") = "Vasita", "Vasita\Vasita.csproj", "{1035A5F2-3984-4FC4-B373-4CDDD7DE18A1}"
EndProject
Project("{9A19103F-16F7-4668-BE54-9A1E7A4F7556}") = "Metotlar", "Metotlar\Metotlar.csproj", "{06C4E7BE-731C-4749-9340-00D49BFC9AA0}"
EndProject
Project("{9A19103F-16F7-4668-BE54-9A1E7A4F7556}") = "Matematik", "Matematik\Matematik.csproj", "{B218F87E-3F6F-4DA4-BC85-22B83C9B0BE8}"
EndProject
Project("{9A19103F-16F7-4668-BE54-9A1E7A4F7556}") = "DegerVeReferansTipler", "DegerVeReferansTipler\DegerVeReferansTipler.csproj", "{B6813361-6040-4C16-8E63-3506ECD3BA75}"
EndProject
Project("{9A19103F-16F7-4668-BE54-9A1E7A4F7556}") = "Hafta3_Odev1", "Hafta3_Odev1\Hafta3_Odev1.csproj", "{3509B84B-57D7-4B4F-A2BC-A64355AC860E}"
EndProject
Project("{9A19103F-16F7-4668-BE54-9A1E7A4F7556}") = "ClassMetotDemo2", "ClassMetotDemo2\ClassMetotDemo2.csproj", "{A01323C1-61A3-488D-9439-C8385B178DF0}"
EndProject
Project("{9A19103F-16F7-4668-BE54-9A1E7A4F7556}") = "ClassMetotDemo3", "ClassMetotDemo3\ClassMetotDemo3.csproj", "{B36C890C-8264-41EA-9BE5-A348DFF22CFC}"
EndProject
Project("{9A19103F-16F7-4668-BE54-9A1E7A4F7556}") = "ClassMetotDemo4", "ClassMetotDemo4\ClassMetotDemo4.csproj", "{F52A3C29-1D05-4F96-8A9C-E8C695D24575}"
EndProject
Project("{9A19103F-16F7-4668-BE54-9A1E7A4F7556}") = "ClassMetotDemo5", "ClassMetotDemo5\ClassMetotDemo5.csproj", "{F2C6C0E3-FDD2-429A-B231-37A4A064ECCE}"
EndProject
Project("{9A19103F-16F7-4668-BE54-9A1E7A4F7556}") = "ClassMetotDemo6", "ClassMetotDemo6\ClassMetotDemo6.csproj", "{8C31B3B5-CA69-4B67-AC9C-B8A72EE0BEB6}"
EndProject
Project("{9A19103F-16F7-4668-BE54-9A1E7A4F7556}") = "ClassMetotDemo7", "ClassMetotDemo7\ClassMetotDemo7.csproj", "{15CC4C08-49D1-4399-9EC3-1199397245B9}"
EndProject
Project("{9A19103F-16F7-4668-BE54-9A1E7A4F7556}") = "OOP1", "OOP1\OOP1.csproj", "{6B1AA880-31B7-4E72-BB6A-E4EC01AD6AE6}"
EndProject
Project("{9A19103F-16F7-4668-BE54-9A1E7A4F7556}") = "Koleksiyonlar", "Koleksiyonlar\Koleksiyonlar.csproj", "{F2CEB8C5-C95F-4DA9-8ABD-BBE4436CD4D1}"
EndProject
Project("{9A19103F-16F7-4668-BE54-9A1E7A4F7556}") = "GenericsIntro", "GenericsIntro\GenericsIntro.csproj", "{84E94B16-1BE4-4732-B236-EDD92F3AF413}"
EndProject
Project("{9A19103F-16F7-4668-BE54-9A1E7A4F7556}") = "Constructors", "Constructors\Constructors.csproj", "{1896AAF6-F8D7-49E8-A498-D1F1BB86AA77}"
EndProject
Project("{9A19103F-16F7-4668-BE54-9A1E7A4F7556}") = "Generics", "Generics\Generics.csproj", "{8DFE807F-1E8A-4148-AF5F-EB6264B993C8}"
EndProject
Project("{9A19103F-16F7-4668-BE54-9A1E7A4F7556}") = "DictionaryKomutu", "DictionaryKomutu\DictionaryKomutu.csproj", "{C3D4A30F-4DD5-487C-9CAC-613B3133A69D}"
EndProject
Project("{9A19103F-16F7-4668-BE54-9A1E7A4F7556}") = "Dictonary", "Dictonary\Dictonary.csproj", "{4814E4E7-FA4D-40F2-B123-5BDA642CDF4A}"
EndProject
Project("{9A19103F-16F7-4668-BE54-9A1E7A4F7556}") = "Oop2", "Oop2\Oop2.csproj", "{AE81CF24-4789-4952-B20A-F62AD37BC447}"
EndProject
Project("{9A19103F-16F7-4668-BE54-9A1E7A4F7556}") = "OOP3", "OOP3\OOP3.csproj", "{03AB9675-F182-41B3-9200-63C24408123A}"
EndProject
Project("{9A19103F-16F7-4668-BE54-9A1E7A4F7556}") = "OOP3_Beta01", "OOP3_Beta01\OOP3_Beta01.csproj", "{ED224D22-B11C-4642-8FD4-BE6040E74D5E}"
EndProject
Project("{FAE04EC0-301F-11D3-BF4B-00C04F79EFBC}") = "OOP3_Beta02", "OOP3_Beta02\OOP3_Beta02.csproj", "{9F0A2FCD-604D-4D20-976A-FA4FD2F18E1F}"
EndProject
Project("{FAE04EC0-301F-11D3-BF4B-00C04F79EFBC}") = "OOP3_Beta03", "OOP3_Beta03\OOP3_Beta03.csproj", "{53F1F0CE-66CD-4DBF-BA79-7CFBD65FF4AC}"
EndProject
Project("{FAE04EC0-301F-11D3-BF4B-00C04F79EFBC}") = "OOP3_Beta04", "OOP3_Beta04\OOP3_Beta04.csproj", "{2C676F31-B9D2-4C0E-A97F-1B82D176FD17}"
EndProject
Global
	GlobalSection(SolutionConfigurationPlatforms) = preSolution
		Debug|Any CPU = Debug|Any CPU
		Release|Any CPU = Release|Any CPU
	EndGlobalSection
	GlobalSection(ProjectConfigurationPlatforms) = postSolution
		{ADE0D3F8-CBFA-420E-88B8-FA908993FB31}.Debug|Any CPU.ActiveCfg = Debug|Any CPU
		{ADE0D3F8-CBFA-420E-88B8-FA908993FB31}.Debug|Any CPU.Build.0 = Debug|Any CPU
		{ADE0D3F8-CBFA-420E-88B8-FA908993FB31}.Release|Any CPU.ActiveCfg = Release|Any CPU
		{ADE0D3F8-CBFA-420E-88B8-FA908993FB31}.Release|Any CPU.Build.0 = Release|Any CPU
		{D7699B60-7C5E-41E0-9A37-9F9A840E6838}.Debug|Any CPU.ActiveCfg = Debug|Any CPU
		{D7699B60-7C5E-41E0-9A37-9F9A840E6838}.Debug|Any CPU.Build.0 = Debug|Any CPU
		{D7699B60-7C5E-41E0-9A37-9F9A840E6838}.Release|Any CPU.ActiveCfg = Release|Any CPU
		{D7699B60-7C5E-41E0-9A37-9F9A840E6838}.Release|Any CPU.Build.0 = Release|Any CPU
		{F411DDB7-014C-43E2-8904-D9ACC2E2B5C5}.Debug|Any CPU.ActiveCfg = Debug|Any CPU
		{F411DDB7-014C-43E2-8904-D9ACC2E2B5C5}.Debug|Any CPU.Build.0 = Debug|Any CPU
		{F411DDB7-014C-43E2-8904-D9ACC2E2B5C5}.Release|Any CPU.ActiveCfg = Release|Any CPU
		{F411DDB7-014C-43E2-8904-D9ACC2E2B5C5}.Release|Any CPU.Build.0 = Release|Any CPU
		{C3822286-F1A3-4ACA-86D8-D77775E4F2AD}.Debug|Any CPU.ActiveCfg = Debug|Any CPU
		{C3822286-F1A3-4ACA-86D8-D77775E4F2AD}.Debug|Any CPU.Build.0 = Debug|Any CPU
		{C3822286-F1A3-4ACA-86D8-D77775E4F2AD}.Release|Any CPU.ActiveCfg = Release|Any CPU
		{C3822286-F1A3-4ACA-86D8-D77775E4F2AD}.Release|Any CPU.Build.0 = Release|Any CPU
		{C5C55AD7-E883-4473-9D54-B2987C711A99}.Debug|Any CPU.ActiveCfg = Debug|Any CPU
		{C5C55AD7-E883-4473-9D54-B2987C711A99}.Debug|Any CPU.Build.0 = Debug|Any CPU
		{C5C55AD7-E883-4473-9D54-B2987C711A99}.Release|Any CPU.ActiveCfg = Release|Any CPU
		{C5C55AD7-E883-4473-9D54-B2987C711A99}.Release|Any CPU.Build.0 = Release|Any CPU
		{C6CEDFE8-BC6F-425A-96C6-D24302EBA35A}.Debug|Any CPU.ActiveCfg = Debug|Any CPU
		{C6CEDFE8-BC6F-425A-96C6-D24302EBA35A}.Debug|Any CPU.Build.0 = Debug|Any CPU
		{C6CEDFE8-BC6F-425A-96C6-D24302EBA35A}.Release|Any CPU.ActiveCfg = Release|Any CPU
		{C6CEDFE8-BC6F-425A-96C6-D24302EBA35A}.Release|Any CPU.Build.0 = Release|Any CPU
		{1035A5F2-3984-4FC4-B373-4CDDD7DE18A1}.Debug|Any CPU.ActiveCfg = Debug|Any CPU
		{1035A5F2-3984-4FC4-B373-4CDDD7DE18A1}.Debug|Any CPU.Build.0 = Debug|Any CPU
		{1035A5F2-3984-4FC4-B373-4CDDD7DE18A1}.Release|Any CPU.ActiveCfg = Release|Any CPU
		{1035A5F2-3984-4FC4-B373-4CDDD7DE18A1}.Release|Any CPU.Build.0 = Release|Any CPU
		{06C4E7BE-731C-4749-9340-00D49BFC9AA0}.Debug|Any CPU.ActiveCfg = Debug|Any CPU
		{06C4E7BE-731C-4749-9340-00D49BFC9AA0}.Debug|Any CPU.Build.0 = Debug|Any CPU
		{06C4E7BE-731C-4749-9340-00D49BFC9AA0}.Release|Any CPU.ActiveCfg = Release|Any CPU
		{06C4E7BE-731C-4749-9340-00D49BFC9AA0}.Release|Any CPU.Build.0 = Release|Any CPU
		{B218F87E-3F6F-4DA4-BC85-22B83C9B0BE8}.Debug|Any CPU.ActiveCfg = Debug|Any CPU
		{B218F87E-3F6F-4DA4-BC85-22B83C9B0BE8}.Debug|Any CPU.Build.0 = Debug|Any CPU
		{B218F87E-3F6F-4DA4-BC85-22B83C9B0BE8}.Release|Any CPU.ActiveCfg = Release|Any CPU
		{B218F87E-3F6F-4DA4-BC85-22B83C9B0BE8}.Release|Any CPU.Build.0 = Release|Any CPU
		{B6813361-6040-4C16-8E63-3506ECD3BA75}.Debug|Any CPU.ActiveCfg = Debug|Any CPU
		{B6813361-6040-4C16-8E63-3506ECD3BA75}.Debug|Any CPU.Build.0 = Debug|Any CPU
		{B6813361-6040-4C16-8E63-3506ECD3BA75}.Release|Any CPU.ActiveCfg = Release|Any CPU
		{B6813361-6040-4C16-8E63-3506ECD3BA75}.Release|Any CPU.Build.0 = Release|Any CPU
		{3509B84B-57D7-4B4F-A2BC-A64355AC860E}.Debug|Any CPU.ActiveCfg = Debug|Any CPU
		{3509B84B-57D7-4B4F-A2BC-A64355AC860E}.Debug|Any CPU.Build.0 = Debug|Any CPU
		{3509B84B-57D7-4B4F-A2BC-A64355AC860E}.Release|Any CPU.ActiveCfg = Release|Any CPU
		{3509B84B-57D7-4B4F-A2BC-A64355AC860E}.Release|Any CPU.Build.0 = Release|Any CPU
		{A01323C1-61A3-488D-9439-C8385B178DF0}.Debug|Any CPU.ActiveCfg = Debug|Any CPU
		{A01323C1-61A3-488D-9439-C8385B178DF0}.Debug|Any CPU.Build.0 = Debug|Any CPU
		{A01323C1-61A3-488D-9439-C8385B178DF0}.Release|Any CPU.ActiveCfg = Release|Any CPU
		{A01323C1-61A3-488D-9439-C8385B178DF0}.Release|Any CPU.Build.0 = Release|Any CPU
		{B36C890C-8264-41EA-9BE5-A348DFF22CFC}.Debug|Any CPU.ActiveCfg = Debug|Any CPU
		{B36C890C-8264-41EA-9BE5-A348DFF22CFC}.Debug|Any CPU.Build.0 = Debug|Any CPU
		{B36C890C-8264-41EA-9BE5-A348DFF22CFC}.Release|Any CPU.ActiveCfg = Release|Any CPU
		{B36C890C-8264-41EA-9BE5-A348DFF22CFC}.Release|Any CPU.Build.0 = Release|Any CPU
		{F52A3C29-1D05-4F96-8A9C-E8C695D24575}.Debug|Any CPU.ActiveCfg = Debug|Any CPU
		{F52A3C29-1D05-4F96-8A9C-E8C695D24575}.Debug|Any CPU.Build.0 = Debug|Any CPU
		{F52A3C29-1D05-4F96-8A9C-E8C695D24575}.Release|Any CPU.ActiveCfg = Release|Any CPU
		{F52A3C29-1D05-4F96-8A9C-E8C695D24575}.Release|Any CPU.Build.0 = Release|Any CPU
		{F2C6C0E3-FDD2-429A-B231-37A4A064ECCE}.Debug|Any CPU.ActiveCfg = Debug|Any CPU
		{F2C6C0E3-FDD2-429A-B231-37A4A064ECCE}.Debug|Any CPU.Build.0 = Debug|Any CPU
		{F2C6C0E3-FDD2-429A-B231-37A4A064ECCE}.Release|Any CPU.ActiveCfg = Release|Any CPU
		{F2C6C0E3-FDD2-429A-B231-37A4A064ECCE}.Release|Any CPU.Build.0 = Release|Any CPU
		{8C31B3B5-CA69-4B67-AC9C-B8A72EE0BEB6}.Debug|Any CPU.ActiveCfg = Debug|Any CPU
		{8C31B3B5-CA69-4B67-AC9C-B8A72EE0BEB6}.Debug|Any CPU.Build.0 = Debug|Any CPU
		{8C31B3B5-CA69-4B67-AC9C-B8A72EE0BEB6}.Release|Any CPU.ActiveCfg = Release|Any CPU
		{8C31B3B5-CA69-4B67-AC9C-B8A72EE0BEB6}.Release|Any CPU.Build.0 = Release|Any CPU
		{15CC4C08-49D1-4399-9EC3-1199397245B9}.Debug|Any CPU.ActiveCfg = Debug|Any CPU
		{15CC4C08-49D1-4399-9EC3-1199397245B9}.Debug|Any CPU.Build.0 = Debug|Any CPU
		{15CC4C08-49D1-4399-9EC3-1199397245B9}.Release|Any CPU.ActiveCfg = Release|Any CPU
		{15CC4C08-49D1-4399-9EC3-1199397245B9}.Release|Any CPU.Build.0 = Release|Any CPU
		{6B1AA880-31B7-4E72-BB6A-E4EC01AD6AE6}.Debug|Any CPU.ActiveCfg = Debug|Any CPU
		{6B1AA880-31B7-4E72-BB6A-E4EC01AD6AE6}.Debug|Any CPU.Build.0 = Debug|Any CPU
		{6B1AA880-31B7-4E72-BB6A-E4EC01AD6AE6}.Release|Any CPU.ActiveCfg = Release|Any CPU
		{6B1AA880-31B7-4E72-BB6A-E4EC01AD6AE6}.Release|Any CPU.Build.0 = Release|Any CPU
		{F2CEB8C5-C95F-4DA9-8ABD-BBE4436CD4D1}.Debug|Any CPU.ActiveCfg = Debug|Any CPU
		{F2CEB8C5-C95F-4DA9-8ABD-BBE4436CD4D1}.Debug|Any CPU.Build.0 = Debug|Any CPU
		{F2CEB8C5-C95F-4DA9-8ABD-BBE4436CD4D1}.Release|Any CPU.ActiveCfg = Release|Any CPU
		{F2CEB8C5-C95F-4DA9-8ABD-BBE4436CD4D1}.Release|Any CPU.Build.0 = Release|Any CPU
		{84E94B16-1BE4-4732-B236-EDD92F3AF413}.Debug|Any CPU.ActiveCfg = Debug|Any CPU
		{84E94B16-1BE4-4732-B236-EDD92F3AF413}.Debug|Any CPU.Build.0 = Debug|Any CPU
		{84E94B16-1BE4-4732-B236-EDD92F3AF413}.Release|Any CPU.ActiveCfg = Release|Any CPU
		{84E94B16-1BE4-4732-B236-EDD92F3AF413}.Release|Any CPU.Build.0 = Release|Any CPU
		{1896AAF6-F8D7-49E8-A498-D1F1BB86AA77}.Debug|Any CPU.ActiveCfg = Debug|Any CPU
		{1896AAF6-F8D7-49E8-A498-D1F1BB86AA77}.Debug|Any CPU.Build.0 = Debug|Any CPU
		{1896AAF6-F8D7-49E8-A498-D1F1BB86AA77}.Release|Any CPU.ActiveCfg = Release|Any CPU
		{1896AAF6-F8D7-49E8-A498-D1F1BB86AA77}.Release|Any CPU.Build.0 = Release|Any CPU
		{8DFE807F-1E8A-4148-AF5F-EB6264B993C8}.Debug|Any CPU.ActiveCfg = Debug|Any CPU
		{8DFE807F-1E8A-4148-AF5F-EB6264B993C8}.Debug|Any CPU.Build.0 = Debug|Any CPU
		{8DFE807F-1E8A-4148-AF5F-EB6264B993C8}.Release|Any CPU.ActiveCfg = Release|Any CPU
		{8DFE807F-1E8A-4148-AF5F-EB6264B993C8}.Release|Any CPU.Build.0 = Release|Any CPU
		{C3D4A30F-4DD5-487C-9CAC-613B3133A69D}.Debug|Any CPU.ActiveCfg = Debug|Any CPU
		{C3D4A30F-4DD5-487C-9CAC-613B3133A69D}.Debug|Any CPU.Build.0 = Debug|Any CPU
		{C3D4A30F-4DD5-487C-9CAC-613B3133A69D}.Release|Any CPU.ActiveCfg = Release|Any CPU
		{C3D4A30F-4DD5-487C-9CAC-613B3133A69D}.Release|Any CPU.Build.0 = Release|Any CPU
		{4814E4E7-FA4D-40F2-B123-5BDA642CDF4A}.Debug|Any CPU.ActiveCfg = Debug|Any CPU
		{4814E4E7-FA4D-40F2-B123-5BDA642CDF4A}.Debug|Any CPU.Build.0 = Debug|Any CPU
		{4814E4E7-FA4D-40F2-B123-5BDA642CDF4A}.Release|Any CPU.ActiveCfg = Release|Any CPU
		{4814E4E7-FA4D-40F2-B123-5BDA642CDF4A}.Release|Any CPU.Build.0 = Release|Any CPU
		{AE81CF24-4789-4952-B20A-F62AD37BC447}.Debug|Any CPU.ActiveCfg = Debug|Any CPU
		{AE81CF24-4789-4952-B20A-F62AD37BC447}.Debug|Any CPU.Build.0 = Debug|Any CPU
		{AE81CF24-4789-4952-B20A-F62AD37BC447}.Release|Any CPU.ActiveCfg = Release|Any CPU
		{AE81CF24-4789-4952-B20A-F62AD37BC447}.Release|Any CPU.Build.0 = Release|Any CPU
		{03AB9675-F182-41B3-9200-63C24408123A}.Debug|Any CPU.ActiveCfg = Debug|Any CPU
		{03AB9675-F182-41B3-9200-63C24408123A}.Debug|Any CPU.Build.0 = Debug|Any CPU
		{03AB9675-F182-41B3-9200-63C24408123A}.Release|Any CPU.ActiveCfg = Release|Any CPU
		{03AB9675-F182-41B3-9200-63C24408123A}.Release|Any CPU.Build.0 = Release|Any CPU
		{ED224D22-B11C-4642-8FD4-BE6040E74D5E}.Debug|Any CPU.ActiveCfg = Debug|Any CPU
		{ED224D22-B11C-4642-8FD4-BE6040E74D5E}.Debug|Any CPU.Build.0 = Debug|Any CPU
		{ED224D22-B11C-4642-8FD4-BE6040E74D5E}.Release|Any CPU.ActiveCfg = Release|Any CPU
		{ED224D22-B11C-4642-8FD4-BE6040E74D5E}.Release|Any CPU.Build.0 = Release|Any CPU
		{9F0A2FCD-604D-4D20-976A-FA4FD2F18E1F}.Debug|Any CPU.ActiveCfg = Debug|Any CPU
		{9F0A2FCD-604D-4D20-976A-FA4FD2F18E1F}.Debug|Any CPU.Build.0 = Debug|Any CPU
		{9F0A2FCD-604D-4D20-976A-FA4FD2F18E1F}.Release|Any CPU.ActiveCfg = Release|Any CPU
		{9F0A2FCD-604D-4D20-976A-FA4FD2F18E1F}.Release|Any CPU.Build.0 = Release|Any CPU
		{53F1F0CE-66CD-4DBF-BA79-7CFBD65FF4AC}.Debug|Any CPU.ActiveCfg = Debug|Any CPU
		{53F1F0CE-66CD-4DBF-BA79-7CFBD65FF4AC}.Debug|Any CPU.Build.0 = Debug|Any CPU
		{53F1F0CE-66CD-4DBF-BA79-7CFBD65FF4AC}.Release|Any CPU.ActiveCfg = Release|Any CPU
		{53F1F0CE-66CD-4DBF-BA79-7CFBD65FF4AC}.Release|Any CPU.Build.0 = Release|Any CPU
		{2C676F31-B9D2-4C0E-A97F-1B82D176FD17}.Debug|Any CPU.ActiveCfg = Debug|Any CPU
		{2C676F31-B9D2-4C0E-A97F-1B82D176FD17}.Debug|Any CPU.Build.0 = Debug|Any CPU
		{2C676F31-B9D2-4C0E-A97F-1B82D176FD17}.Release|Any CPU.ActiveCfg = Release|Any CPU
		{2C676F31-B9D2-4C0E-A97F-1B82D176FD17}.Release|Any CPU.Build.0 = Release|Any CPU
	EndGlobalSection
	GlobalSection(SolutionProperties) = preSolution
		HideSolutionNode = FALSE
	EndGlobalSection
	GlobalSection(ExtensibilityGlobals) = postSolution
		SolutionGuid = {40A399B4-AA64-4563-97BD-BC442400E960}
	EndGlobalSection
EndGlobal
